
Microsoft Visual Studio Solution File, Format Version 12.00
# Visual Studio Version 16
VisualStudioVersion = 16.0.31105.61
MinimumVisualStudioVersion = 10.0.40219.1
Project("{FAE04EC0-301F-11D3-BF4B-00C04F79EFBC}") = "SignalRClient", "SignalRClient\SignalRClient.csproj", "{95FA4126-8F50-4275-9EFB-D37541FF203F}"
EndProject
Project("{FAE04EC0-301F-11D3-BF4B-00C04F79EFBC}") = "SignalRServer", "SignalRServer\SignalRServer.csproj", "{10E47464-8071-4741-ACDE-D28AFA0F9F13}"
EndProject
Global
	GlobalSection(SolutionConfigurationPlatforms) = preSolution
		Debug|Any CPU = Debug|Any CPU
		Release|Any CPU = Release|Any CPU
	EndGlobalSection
	GlobalSection(ProjectConfigurationPlatforms) = postSolution
		{95FA4126-8F50-4275-9EFB-D37541FF203F}.Debug|Any CPU.ActiveCfg = Debug|Any CPU
		{95FA4126-8F50-4275-9EFB-D37541FF203F}.Debug|Any CPU.Build.0 = Debug|Any CPU
		{95FA4126-8F50-4275-9EFB-D37541FF203F}.Release|Any CPU.ActiveCfg = Release|Any CPU
		{95FA4126-8F50-4275-9EFB-D37541FF203F}.Release|Any CPU.Build.0 = Release|Any CPU
		{10E47464-8071-4741-ACDE-D28AFA0F9F13}.Debug|Any CPU.ActiveCfg = Debug|Any CPU
		{10E47464-8071-4741-ACDE-D28AFA0F9F13}.Debug|Any CPU.Build.0 = Debug|Any CPU
		{10E47464-8071-4741-ACDE-D28AFA0F9F13}.Release|Any CPU.ActiveCfg = Release|Any CPU
		{10E47464-8071-4741-ACDE-D28AFA0F9F13}.Release|Any CPU.Build.0 = Release|Any CPU
	EndGlobalSection
	GlobalSection(SolutionProperties) = preSolution
		HideSolutionNode = FALSE
	EndGlobalSection
	GlobalSection(ExtensibilityGlobals) = postSolution
		SolutionGuid = {2DE7C3B0-868E-43DF-AB98-4787D642A6D5}
	EndGlobalSection
EndGlobal
